{
  "name": "tra-pilot-transducers-js",
  "version": "0.0.0",
  "lockfileVersion": 3,
  "requires": true,
  "packages": {
    "": {
      "name": "tra-pilot-transducers-js",
      "version": "0.0.0",
      "dependencies": {
        "transducers-js": "0.4.174"
      }
    },
    "node_modules/transducers-js": {
      "version": "0.4.174",
      "resolved": "https://registry.npmjs.org/transducers-js/-/transducers-js-0.4.174.tgz",
      "integrity": "sha512-MwhBNx6TDMrS/pfCa24YzCfC1+W3LcFC0YoF5XNpuZC1pEjuGLP2B0iMt/bYO3rnClhd3dN3c3Ko4+JhOBLoLw==",
      "license": "APL",
      "engines": {
        "node": ">= 0.10.0"
      }
    }
  }
}
